{
  "nodes": {
    "bacon": {
      "inputs": {
        "flake-utils": "flake-utils",
        "naersk": "naersk",
        "nixpkgs": [
          "nixpkgs"
        ]
      },
      "locked": {
        "lastModified": 1764694264,
        "narHash": "sha256-Wt3IDTadkZCnIT415A0HqvpQZjGgU6K9ygaGczuwM5c=",
        "owner": "Canop",
        "repo": "bacon",
        "rev": "dbe61440af728b7850f9e684e00ed331023818ad",
        "type": "github"
      },
      "original": {
        "owner": "Canop",
        "repo": "bacon",
        "type": "github"
      }
    },
    "bacon-ls": {
      "inputs": {
        "flake-utils": "flake-utils_2",
        "naersk": "naersk_2",
        "nixpkgs": [
          "nixpkgs"
        ]
      },
      "locked": {
        "lastModified": 1764680182,
        "narHash": "sha256-b+c2kM0a7wYA9QMC8666JdXqRzBFjAz4Tv/09qxi0Gw=",
        "owner": "crisidev",
        "repo": "bacon-ls",
        "rev": "beca5f63b6ecfe7691403b033184c1ade96d5acd",
        "type": "github"
      },
      "original": {
        "owner": "crisidev",
        "repo": "bacon-ls",
        "type": "github"
      }
    },
    "fenix": {
      "inputs": {
        "nixpkgs": [
          "nixpkgs"
        ],
        "rust-analyzer-src": "rust-analyzer-src"
      },
      "locked": {
        "lastModified": 1765003156,
        "narHash": "sha256-k4YrPUhRj7Ciq385vREU57RHiDFycY5RaJwdCOmsLhU=",
        "owner": "nix-community",
        "repo": "fenix",
        "rev": "e8361cc010853d17740a63aae00385061ac9de51",
        "type": "github"
      },
      "original": {
        "owner": "nix-community",
        "repo": "fenix",
        "type": "github"
      }
    },
    "flake-parts": {
      "inputs": {
        "nixpkgs-lib": [
          "neovim-nightly-overlay",
          "nixpkgs"
        ]
      },
      "locked": {
        "lastModified": 1763759067,
        "narHash": "sha256-LlLt2Jo/gMNYAwOgdRQBrsRoOz7BPRkzvNaI/fzXi2Q=",
        "owner": "hercules-ci",
        "repo": "flake-parts",
        "rev": "2cccadc7357c0ba201788ae99c4dfa90728ef5e0",
        "type": "github"
      },
      "original": {
        "owner": "hercules-ci",
        "repo": "flake-parts",
        "type": "github"
      }
    },
    "flake-utils": {
      "inputs": {
        "systems": "systems"
      },
      "locked": {
        "lastModified": 1731533236,
        "narHash": "sha256-l0KFg5HjrsfsO/JpG+r7fRrqm12kzFHyUHqHCVpMMbI=",
        "owner": "numtide",
        "repo": "flake-utils",
        "rev": "11707dc2f618dd54ca8739b309ec4fc024de578b",
        "type": "github"
      },
      "original": {
        "owner": "numtide",
        "repo": "flake-utils",
        "type": "github"
      }
    },
    "flake-utils_2": {
      "inputs": {
        "systems": "systems_2"
      },
      "locked": {
        "lastModified": 1731533236,
        "narHash": "sha256-l0KFg5HjrsfsO/JpG+r7fRrqm12kzFHyUHqHCVpMMbI=",
        "owner": "numtide",
        "repo": "flake-utils",
        "rev": "11707dc2f618dd54ca8739b309ec4fc024de578b",
        "type": "github"
      },
      "original": {
        "owner": "numtide",
        "repo": "flake-utils",
        "type": "github"
      }
    },
    "naersk": {
      "inputs": {
        "nixpkgs": "nixpkgs"
      },
      "locked": {
        "lastModified": 1736429655,
        "narHash": "sha256-BwMekRuVlSB9C0QgwKMICiJ5EVbLGjfe4qyueyNQyGI=",
        "owner": "nix-community",
        "repo": "naersk",
        "rev": "0621e47bd95542b8e1ce2ee2d65d6a1f887a13ce",
        "type": "github"
      },
      "original": {
        "owner": "nix-community",
        "repo": "naersk",
        "type": "github"
      }
    },
    "naersk_2": {
      "inputs": {
        "nixpkgs": "nixpkgs_2"
      },
      "locked": {
        "lastModified": 1743800763,
        "narHash": "sha256-YFKV+fxEpMgP5VsUcM6Il28lI0NlpM7+oB1XxbBAYCw=",
        "owner": "nix-community",
        "repo": "naersk",
        "rev": "ed0232117731a4c19d3ee93aa0c382a8fe754b01",
        "type": "github"
      },
      "original": {
        "owner": "nix-community",
        "repo": "naersk",
        "type": "github"
      }
    },
    "neovim-nightly-overlay": {
      "inputs": {
        "flake-parts": "flake-parts",
        "neovim-src": "neovim-src",
        "nixpkgs": "nixpkgs_3"
      },
      "locked": {
        "lastModified": 1765152310,
        "narHash": "sha256-uJD1VGkailVaIgljInof9xphRo6LeCFmLLBrXa16Sf8=",
        "owner": "nix-community",
        "repo": "neovim-nightly-overlay",
        "rev": "8631ec2f011d93a7ee31297cb0154de7893ef3a9",
        "type": "github"
      },
      "original": {
        "owner": "nix-community",
        "repo": "neovim-nightly-overlay",
        "type": "github"
      }
    },
    "neovim-src": {
      "flake": false,
      "locked": {
        "lastModified": 1765138411,
        "narHash": "sha256-pyxO9Gpts9tEwfcSFrVLL0gQy3MtIfify5PJHDCwAo8=",
        "owner": "neovim",
        "repo": "neovim",
        "rev": "551bb63d449f85f89dee8ee7f842274d4566fcc9",
        "type": "github"
      },
      "original": {
        "owner": "neovim",
        "repo": "neovim",
        "type": "github"
      }
    },
    "nixCats": {
      "locked": {
        "lastModified": 1764009888,
        "narHash": "sha256-hJekfTiW1792txgRSM4LcHnz1lDSY87LYbsJEn2V378=",
        "owner": "BirdeeHub",
        "repo": "nixCats-nvim",
        "rev": "16ac3281f322ea15d39843829e42a44d22da3715",
        "type": "github"
      },
      "original": {
        "owner": "BirdeeHub",
        "repo": "nixCats-nvim",
        "type": "github"
      }
    },
    "nixpkgs": {
      "locked": {
        "lastModified": 1736320768,
        "narHash": "sha256-nIYdTAiKIGnFNugbomgBJR+Xv5F1ZQU+HfaBqJKroC0=",
        "owner": "NixOS",
        "repo": "nixpkgs",
        "rev": "4bc9c909d9ac828a039f288cf872d16d38185db8",
        "type": "github"
      },
      "original": {
        "id": "nixpkgs",
        "type": "indirect"
      }
    },
    "nixpkgs_2": {
      "locked": {
        "lastModified": 1745377448,
        "narHash": "sha256-jhZDfXVKdD7TSEGgzFJQvEEZ2K65UMiqW5YJ2aIqxMA=",
        "owner": "NixOS",
        "repo": "nixpkgs",
        "rev": "507b63021ada5fee621b6ca371c4fca9ca46f52c",
        "type": "github"
      },
      "original": {
        "owner": "NixOS",
        "ref": "nixpkgs-unstable",
        "repo": "nixpkgs",
        "type": "github"
      }
    },
    "nixpkgs_3": {
      "locked": {
        "lastModified": 1764947035,
        "narHash": "sha256-EYHSjVM4Ox4lvCXUMiKKs2vETUSL5mx+J2FfutM7T9w=",
        "owner": "NixOS",
        "repo": "nixpkgs",
        "rev": "a672be65651c80d3f592a89b3945466584a22069",
        "type": "github"
      },
      "original": {
        "owner": "NixOS",
        "ref": "nixpkgs-unstable",
        "repo": "nixpkgs",
        "type": "github"
      }
    },
    "nixpkgs_4": {
      "locked": {
        "lastModified": 1764947035,
        "narHash": "sha256-EYHSjVM4Ox4lvCXUMiKKs2vETUSL5mx+J2FfutM7T9w=",
        "owner": "nixos",
        "repo": "nixpkgs",
        "rev": "a672be65651c80d3f592a89b3945466584a22069",
        "type": "github"
      },
      "original": {
        "owner": "nixos",
        "ref": "nixpkgs-unstable",
        "repo": "nixpkgs",
        "type": "github"
      }
    },
    "nixpkgs_5": {
      "locked": {
        "lastModified": 1764950072,
        "narHash": "sha256-BmPWzogsG2GsXZtlT+MTcAWeDK5hkbGRZTeZNW42fwA=",
        "owner": "nixos",
        "repo": "nixpkgs",
        "rev": "f61125a668a320878494449750330ca58b78c557",
        "type": "github"
      },
      "original": {
        "owner": "nixos",
        "ref": "nixos-unstable",
        "repo": "nixpkgs",
        "type": "github"
      }
    },
    "nvim-treesitter": {
      "flake": false,
      "locked": {
        "lastModified": 1765057102,
        "narHash": "sha256-2eqOrGqOSis9vHmxe2CIxWfbf92b2iOVLxSSfoNKAw8=",
        "owner": "nvim-treesitter",
        "repo": "nvim-treesitter",
        "rev": "20db421f5fba0c23f6a7629af96ba6d4fc531677",
        "type": "github"
      },
      "original": {
        "owner": "nvim-treesitter",
        "ref": "main",
        "repo": "nvim-treesitter",
        "type": "github"
      }
    },
    "nvim-treesitter-main": {
      "inputs": {
        "nixpkgs": "nixpkgs_5",
        "nvim-treesitter": "nvim-treesitter",
        "nvim-treesitter-textobjects": "nvim-treesitter-textobjects"
      },
      "locked": {
        "lastModified": 1765133966,
        "narHash": "sha256-bALsLOGiMhs8uc/kgloDX/voquDA81O9AnG0bTJDWvs=",
        "owner": "iofq",
        "repo": "nvim-treesitter-main",
        "rev": "43ebb4a2f28181d15e3f7aea3e13292aa7818b63",
        "type": "github"
      },
      "original": {
        "owner": "iofq",
        "repo": "nvim-treesitter-main",
        "type": "github"
      }
    },
    "nvim-treesitter-textobjects": {
      "flake": false,
      "locked": {
        "lastModified": 1765057291,
        "narHash": "sha256-k4U3MGs01DBeb1NZDF3C8uerRAo4o+CZMhy5v3Ub1BU=",
        "owner": "nvim-treesitter",
        "repo": "nvim-treesitter-textobjects",
        "rev": "76deedf0f1cec4496ef8d49b6d1f020f6d0c6ec9",
        "type": "github"
      },
      "original": {
        "owner": "nvim-treesitter",
        "ref": "main",
        "repo": "nvim-treesitter-textobjects",
        "type": "github"
      }
    },
    "plugins-blink-cmp-copilot": {
      "flake": false,
      "locked": {
        "lastModified": 1740130987,
        "narHash": "sha256-xEGAXv41UX9GUybCSzDODkhgdEd4cclBXl0k4UBmFbs=",
        "owner": "giuxtaposition",
        "repo": "blink-cmp-copilot",
        "rev": "439cff78780c033aa23cf061d7315314b347e3c1",
        "type": "github"
      },
      "original": {
        "owner": "giuxtaposition",
        "repo": "blink-cmp-copilot",
        "type": "github"
      }
    },
    "plugins-tiny-inline-diagnostic": {
      "flake": false,
      "locked": {
        "lastModified": 1765121996,
        "narHash": "sha256-n+VUQlfA7zF2L+PgG6+IuB9NzrZfYvGmL6orKlV6f0k=",
        "owner": "rachartier",
        "repo": "tiny-inline-diagnostic.nvim",
        "rev": "9b55d36b797875b6e513f6bcc526e17cb9fe31f4",
        "type": "github"
      },
      "original": {
        "owner": "rachartier",
        "repo": "tiny-inline-diagnostic.nvim",
        "type": "github"
      }
    },
    "plugins-tylsp-nvim": {
      "flake": false,
      "locked": {
        "lastModified": 1765142878,
        "narHash": "sha256-Y6r7KoKe7gYAsSrhxXV4753wzVYWrMlGBb6BN23LkNw=",
        "owner": "mubeentariq",
        "repo": "tylsp.nvim",
        "rev": "872ddf477a4a0b0791b57cd972a684c9c2d3ccaf",
        "type": "github"
      },
      "original": {
        "owner": "mubeentariq",
        "repo": "tylsp.nvim",
        "type": "github"
      }
    },
    "root": {
      "inputs": {
        "bacon": "bacon",
        "bacon-ls": "bacon-ls",
        "fenix": "fenix",
        "neovim-nightly-overlay": "neovim-nightly-overlay",
        "nixCats": "nixCats",
        "nixpkgs": "nixpkgs_4",
        "nvim-treesitter-main": "nvim-treesitter-main",
        "plugins-blink-cmp-copilot": "plugins-blink-cmp-copilot",
        "plugins-tiny-inline-diagnostic": "plugins-tiny-inline-diagnostic",
        "plugins-tylsp-nvim": "plugins-tylsp-nvim"
      }
    },
    "rust-analyzer-src": {
      "flake": false,
      "locked": {
        "lastModified": 1764925941,
        "narHash": "sha256-zldc1SrUIhGMdQp+0woSqvBS51Mi8PW6JukONBQXZBY=",
        "owner": "rust-lang",
        "repo": "rust-analyzer",
        "rev": "2cbf3587d36dfc7b701ebb744d3dd5064355d04f",
        "type": "github"
      },
      "original": {
        "owner": "rust-lang",
        "ref": "nightly",
        "repo": "rust-analyzer",
        "type": "github"
      }
    },
    "systems": {
      "locked": {
        "lastModified": 1681028828,
        "narHash": "sha256-Vy1rq5AaRuLzOxct8nz4T6wlgyUR7zLU309k9mBC768=",
        "owner": "nix-systems",
        "repo": "default",
        "rev": "da67096a3b9bf56a91d16901293e51ba5b49a27e",
        "type": "github"
      },
      "original": {
        "owner": "nix-systems",
        "repo": "default",
        "type": "github"
      }
    },
    "systems_2": {
      "locked": {
        "lastModified": 1681028828,
        "narHash": "sha256-Vy1rq5AaRuLzOxct8nz4T6wlgyUR7zLU309k9mBC768=",
        "owner": "nix-systems",
        "repo": "default",
        "rev": "da67096a3b9bf56a91d16901293e51ba5b49a27e",
        "type": "github"
      },
      "original": {
        "owner": "nix-systems",
        "repo": "default",
        "type": "github"
      }
    }
  },
  "root": "root",
  "version": 7
}
