{
  "nodes": {
    "bacon": {
      "inputs": {
        "flake-utils": "flake-utils",
        "naersk": "naersk",
        "nixpkgs": [
          "nixpkgs"
        ]
      },
      "locked": {
        "lastModified": 1779195966,
        "narHash": "sha256-HMHZQP9GY9iMm+vDeIhavv4akmM0IUbpDtWHyzHG7KE=",
        "owner": "Canop",
        "repo": "bacon",
        "rev": "5714d016e03dde3b155ff156933eed935499cdb6",
        "type": "github"
      },
      "original": {
        "owner": "Canop",
        "repo": "bacon",
        "type": "github"
      }
    },
    "bacon-ls": {
      "inputs": {
        "flake-utils": "flake-utils_2",
        "naersk": "naersk_2",
        "nixpkgs": [
          "nixpkgs"
        ]
      },
      "locked": {
        "lastModified": 1780363757,
        "narHash": "sha256-yXJsM6uJv3n0gx6oDTMAjv32a7XIr0QyleuQ+gk1aBQ=",
        "owner": "crisidev",
        "repo": "bacon-ls",
        "rev": "3f8d0a4181ec91ba16f60139865294751dbd8f68",
        "type": "github"
      },
      "original": {
        "owner": "crisidev",
        "repo": "bacon-ls",
        "type": "github"
      }
    },
    "crane": {
      "locked": {
        "lastModified": 1768319649,
        "narHash": "sha256-VFkNyxHxkqGp8gf8kfFMW1j6XeBy609kv6TE9uF/0Js=",
        "owner": "ipetkov",
        "repo": "crane",
        "rev": "4b6527687cfd20da3c2ef8287e01b74c2d6c705b",
        "type": "github"
      },
      "original": {
        "owner": "ipetkov",
        "repo": "crane",
        "type": "github"
      }
    },
    "fenix": {
      "inputs": {
        "nixpkgs": [
          "bacon-ls",
          "naersk",
          "nixpkgs"
        ],
        "rust-analyzer-src": "rust-analyzer-src"
      },
      "locked": {
        "lastModified": 1752475459,
        "narHash": "sha256-z6QEu4ZFuHiqdOPbYss4/Q8B0BFhacR8ts6jO/F/aOU=",
        "owner": "nix-community",
        "repo": "fenix",
        "rev": "bf0d6f70f4c9a9cf8845f992105652173f4b617f",
        "type": "github"
      },
      "original": {
        "owner": "nix-community",
        "repo": "fenix",
        "type": "github"
      }
    },
    "fenix_2": {
      "inputs": {
        "nixpkgs": [
          "nixpkgs"
        ],
        "rust-analyzer-src": "rust-analyzer-src_2"
      },
      "locked": {
        "lastModified": 1780824777,
        "narHash": "sha256-/D3gjEDezsoa//Kbd+rNQRERl4AS+HYOMChsdD1eus4=",
        "owner": "nix-community",
        "repo": "fenix",
        "rev": "3a556b6fbd42412b6f3f0ea8d35959b1826f86ff",
        "type": "github"
      },
      "original": {
        "owner": "nix-community",
        "repo": "fenix",
        "type": "github"
      }
    },
    "files": {
      "flake": false,
      "locked": {
        "lastModified": 1780525181,
        "narHash": "sha256-a7a7123pVQpWOVfZnffX+KFGIx8rTHC6pbNwk0ZYe1k=",
        "owner": "mightyiam",
        "repo": "files",
        "rev": "72c3663bf84fcffbccc682949041189c1e5e5197",
        "type": "github"
      },
      "original": {
        "owner": "mightyiam",
        "repo": "files",
        "type": "github"
      }
    },
    "flake-compat": {
      "flake": false,
      "locked": {
        "lastModified": 1767039857,
        "narHash": "sha256-vNpUSpF5Nuw8xvDLj2KCwwksIbjua2LZCqhV1LNRDns=",
        "owner": "NixOS",
        "repo": "flake-compat",
        "rev": "5edf11c44bc78a0d334f6334cdaf7d60d732daab",
        "type": "github"
      },
      "original": {
        "owner": "NixOS",
        "repo": "flake-compat",
        "type": "github"
      }
    },
    "flake-parts": {
      "inputs": {
        "nixpkgs-lib": [
          "neovim-nightly-overlay",
          "nixpkgs"
        ]
      },
      "locked": {
        "lastModified": 1778716662,
        "narHash": "sha256-m1Yf0wZ8j1OHjTc2UwHwyQRSnNeSgLJOd7q5Y45hzi4=",
        "owner": "hercules-ci",
        "repo": "flake-parts",
        "rev": "f7c1a2d347e4c52d5fb8d10cb4d94b5884e546fb",
        "type": "github"
      },
      "original": {
        "owner": "hercules-ci",
        "repo": "flake-parts",
        "type": "github"
      }
    },
    "flake-parts_2": {
      "inputs": {
        "nixpkgs-lib": [
          "statix",
          "nixpkgs"
        ]
      },
      "locked": {
        "lastModified": 1778716662,
        "narHash": "sha256-m1Yf0wZ8j1OHjTc2UwHwyQRSnNeSgLJOd7q5Y45hzi4=",
        "owner": "hercules-ci",
        "repo": "flake-parts",
        "rev": "f7c1a2d347e4c52d5fb8d10cb4d94b5884e546fb",
        "type": "github"
      },
      "original": {
        "owner": "hercules-ci",
        "repo": "flake-parts",
        "type": "github"
      }
    },
    "flake-utils": {
      "inputs": {
        "systems": "systems"
      },
      "locked": {
        "lastModified": 1731533236,
        "narHash": "sha256-l0KFg5HjrsfsO/JpG+r7fRrqm12kzFHyUHqHCVpMMbI=",
        "owner": "numtide",
        "repo": "flake-utils",
        "rev": "11707dc2f618dd54ca8739b309ec4fc024de578b",
        "type": "github"
      },
      "original": {
        "owner": "numtide",
        "repo": "flake-utils",
        "type": "github"
      }
    },
    "flake-utils_2": {
      "inputs": {
        "systems": "systems_2"
      },
      "locked": {
        "lastModified": 1731533236,
        "narHash": "sha256-l0KFg5HjrsfsO/JpG+r7fRrqm12kzFHyUHqHCVpMMbI=",
        "owner": "numtide",
        "repo": "flake-utils",
        "rev": "11707dc2f618dd54ca8739b309ec4fc024de578b",
        "type": "github"
      },
      "original": {
        "owner": "numtide",
        "repo": "flake-utils",
        "type": "github"
      }
    },
    "flake-utils_3": {
      "inputs": {
        "systems": "systems_3"
      },
      "locked": {
        "lastModified": 1731533236,
        "narHash": "sha256-l0KFg5HjrsfsO/JpG+r7fRrqm12kzFHyUHqHCVpMMbI=",
        "owner": "numtide",
        "repo": "flake-utils",
        "rev": "11707dc2f618dd54ca8739b309ec4fc024de578b",
        "type": "github"
      },
      "original": {
        "owner": "numtide",
        "repo": "flake-utils",
        "type": "github"
      }
    },
    "git-hooks": {
      "inputs": {
        "flake-compat": "flake-compat",
        "gitignore": "gitignore",
        "nixpkgs": [
          "nu-lint",
          "nixpkgs"
        ]
      },
      "locked": {
        "lastModified": 1767281941,
        "narHash": "sha256-6MkqajPICgugsuZ92OMoQcgSHnD6sJHwk8AxvMcIgTE=",
        "owner": "cachix",
        "repo": "git-hooks.nix",
        "rev": "f0927703b7b1c8d97511c4116eb9b4ec6645a0fa",
        "type": "github"
      },
      "original": {
        "owner": "cachix",
        "repo": "git-hooks.nix",
        "type": "github"
      }
    },
    "git-hooks_2": {
      "flake": false,
      "locked": {
        "lastModified": 1778507602,
        "narHash": "sha256-kTwur1wV+01SdqskVMSo6JMEpg71ps3HpbFY2GsflKs=",
        "owner": "cachix",
        "repo": "git-hooks.nix",
        "rev": "61ab0e80d9c7ab14c256b5b453d8b3fb0189ba0a",
        "type": "github"
      },
      "original": {
        "owner": "cachix",
        "repo": "git-hooks.nix",
        "type": "github"
      }
    },
    "gitignore": {
      "inputs": {
        "nixpkgs": [
          "nu-lint",
          "git-hooks",
          "nixpkgs"
        ]
      },
      "locked": {
        "lastModified": 1709087332,
        "narHash": "sha256-HG2cCnktfHsKV0s4XW83gU3F57gaTljL9KNSuG6bnQs=",
        "owner": "hercules-ci",
        "repo": "gitignore.nix",
        "rev": "637db329424fd7e46cf4185293b9cc8c88c95394",
        "type": "github"
      },
      "original": {
        "owner": "hercules-ci",
        "repo": "gitignore.nix",
        "type": "github"
      }
    },
    "make-shell": {
      "flake": false,
      "locked": {
        "lastModified": 1733933815,
        "narHash": "sha256-9JjM7eT66W4NJAXpGUsdyAFXhBxFWR2Z9LZwUa7Hli0=",
        "owner": "nicknovitski",
        "repo": "make-shell",
        "rev": "ffeceae9956df03571ea8e96ef77c2924f13a63c",
        "type": "github"
      },
      "original": {
        "owner": "nicknovitski",
        "repo": "make-shell",
        "type": "github"
      }
    },
    "naersk": {
      "inputs": {
        "nixpkgs": "nixpkgs"
      },
      "locked": {
        "lastModified": 1736429655,
        "narHash": "sha256-BwMekRuVlSB9C0QgwKMICiJ5EVbLGjfe4qyueyNQyGI=",
        "owner": "nix-community",
        "repo": "naersk",
        "rev": "0621e47bd95542b8e1ce2ee2d65d6a1f887a13ce",
        "type": "github"
      },
      "original": {
        "owner": "nix-community",
        "repo": "naersk",
        "type": "github"
      }
    },
    "naersk_2": {
      "inputs": {
        "fenix": "fenix",
        "nixpkgs": "nixpkgs_2"
      },
      "locked": {
        "lastModified": 1777031541,
        "narHash": "sha256-KZ4s1kolHXFQrRGlnB503gDcTrVQMhiczO+LvvwKEPg=",
        "owner": "nix-community",
        "repo": "naersk",
        "rev": "5e73301621274c44798bf6c6211ed27fc2ced201",
        "type": "github"
      },
      "original": {
        "owner": "nix-community",
        "repo": "naersk",
        "type": "github"
      }
    },
    "neovim-nightly-overlay": {
      "inputs": {
        "flake-parts": "flake-parts",
        "neovim-src": "neovim-src",
        "nixpkgs": "nixpkgs_3"
      },
      "locked": {
        "lastModified": 1780790681,
        "narHash": "sha256-ElNsuFEXsYkj7lLRP0WcL8GdPnAjVwkMyRuSX6Tv7lk=",
        "owner": "nix-community",
        "repo": "neovim-nightly-overlay",
        "rev": "4b02dabdaac3d363ad7a86839c548fa4e32aad07",
        "type": "github"
      },
      "original": {
        "owner": "nix-community",
        "repo": "neovim-nightly-overlay",
        "type": "github"
      }
    },
    "neovim-src": {
      "flake": false,
      "locked": {
        "lastModified": 1780741572,
        "narHash": "sha256-9j6oxizUi9ZmJyE7ewPUMeJKPwQOfLKU8mC9humsgAo=",
        "owner": "neovim",
        "repo": "neovim",
        "rev": "ec7dab077bf6bf53794f2bc42010c977687094a6",
        "type": "github"
      },
      "original": {
        "owner": "neovim",
        "repo": "neovim",
        "type": "github"
      }
    },
    "nixCats": {
      "locked": {
        "lastModified": 1777273601,
        "narHash": "sha256-xBUa8Tl9V7IXI+VmLEuDc81La/EhoSn1C3EVSnJ3cfU=",
        "owner": "BirdeeHub",
        "repo": "nixCats-nvim",
        "rev": "f69ea013e328841a7def7037ed59788a76be8816",
        "type": "github"
      },
      "original": {
        "owner": "BirdeeHub",
        "repo": "nixCats-nvim",
        "type": "github"
      }
    },
    "nixpkgs": {
      "locked": {
        "lastModified": 1736320768,
        "narHash": "sha256-nIYdTAiKIGnFNugbomgBJR+Xv5F1ZQU+HfaBqJKroC0=",
        "owner": "NixOS",
        "repo": "nixpkgs",
        "rev": "4bc9c909d9ac828a039f288cf872d16d38185db8",
        "type": "github"
      },
      "original": {
        "id": "nixpkgs",
        "type": "indirect"
      }
    },
    "nixpkgs-master": {
      "locked": {
        "lastModified": 1780885892,
        "narHash": "sha256-qcf2XXJUi7ZkWW8XNjCqsMscrlLmiHQg76/VK9KSwS4=",
        "owner": "nixos",
        "repo": "nixpkgs",
        "rev": "a84a63083192ce31f8bfddb31ed5d6067988fbdf",
        "type": "github"
      },
      "original": {
        "owner": "nixos",
        "repo": "nixpkgs",
        "type": "github"
      }
    },
    "nixpkgs_2": {
      "locked": {
        "lastModified": 1752077645,
        "narHash": "sha256-HM791ZQtXV93xtCY+ZxG1REzhQenSQO020cu6rHtAPk=",
        "owner": "NixOS",
        "repo": "nixpkgs",
        "rev": "be9e214982e20b8310878ac2baa063a961c1bdf6",
        "type": "github"
      },
      "original": {
        "owner": "NixOS",
        "ref": "nixpkgs-unstable",
        "repo": "nixpkgs",
        "type": "github"
      }
    },
    "nixpkgs_3": {
      "locked": {
        "lastModified": 1780747962,
        "narHash": "sha256-IX7G1dlKrOqPOImfbo7ADDfV5yU1+j+MRChI3TL4tAA=",
        "owner": "NixOS",
        "repo": "nixpkgs",
        "rev": "cbb5cf358f50aa6acc9efd6113b7bcfbc352cd73",
        "type": "github"
      },
      "original": {
        "owner": "NixOS",
        "ref": "nixpkgs-unstable",
        "repo": "nixpkgs",
        "type": "github"
      }
    },
    "nixpkgs_4": {
      "locked": {
        "lastModified": 1780747962,
        "narHash": "sha256-IX7G1dlKrOqPOImfbo7ADDfV5yU1+j+MRChI3TL4tAA=",
        "owner": "nixos",
        "repo": "nixpkgs",
        "rev": "cbb5cf358f50aa6acc9efd6113b7bcfbc352cd73",
        "type": "github"
      },
      "original": {
        "owner": "nixos",
        "ref": "nixpkgs-unstable",
        "repo": "nixpkgs",
        "type": "github"
      }
    },
    "nu-lint": {
      "inputs": {
        "crane": "crane",
        "flake-utils": "flake-utils_3",
        "git-hooks": "git-hooks",
        "nixpkgs": [
          "nixpkgs"
        ],
        "rust-overlay": "rust-overlay"
      },
      "locked": {
        "lastModified": 1780425462,
        "narHash": "sha256-5YR1Cn9/psNswLVYtDZGmvoP9AwBANa0sPHN4eqcRhQ=",
        "ref": "refs/heads/main",
        "rev": "569aee99bfc5d7e2b6ac0660be7d2e0f8d47e60d",
        "revCount": 369,
        "type": "git",
        "url": "https://codeberg.org/wvhulle/nu-lint"
      },
      "original": {
        "type": "git",
        "url": "https://codeberg.org/wvhulle/nu-lint"
      }
    },
    "plugins-bafa": {
      "flake": false,
      "locked": {
        "lastModified": 1779208894,
        "narHash": "sha256-8MdtU/L17TBkNyMl2XWiKrkHeKblJfooIKePP6keVhw=",
        "owner": "mistweaverco",
        "repo": "bafa.nvim",
        "rev": "87968d01e72660826bce00f9956515bd1d0d5b74",
        "type": "github"
      },
      "original": {
        "owner": "mistweaverco",
        "repo": "bafa.nvim",
        "type": "github"
      }
    },
    "plugins-blink-cmp-copilot": {
      "flake": false,
      "locked": {
        "lastModified": 1740130987,
        "narHash": "sha256-xEGAXv41UX9GUybCSzDODkhgdEd4cclBXl0k4UBmFbs=",
        "owner": "giuxtaposition",
        "repo": "blink-cmp-copilot",
        "rev": "439cff78780c033aa23cf061d7315314b347e3c1",
        "type": "github"
      },
      "original": {
        "owner": "giuxtaposition",
        "repo": "blink-cmp-copilot",
        "type": "github"
      }
    },
    "plugins-delta-lua": {
      "flake": false,
      "locked": {
        "lastModified": 1780720879,
        "narHash": "sha256-mNaKpGD9+dF0wrd6OAlxdrp1CbVhZP+4vBEL3SFQFNE=",
        "owner": "kokusenz",
        "repo": "delta.lua",
        "rev": "78f3750c07c299524bef5aab276de5fcd8625826",
        "type": "github"
      },
      "original": {
        "owner": "kokusenz",
        "repo": "delta.lua",
        "type": "github"
      }
    },
    "plugins-deltaview": {
      "flake": false,
      "locked": {
        "lastModified": 1780668211,
        "narHash": "sha256-54OoPPDEjdEOgRpSYFMF9G8jlcN2XxEUKLKU8SAA7OU=",
        "owner": "kokusenz",
        "repo": "deltaview.nvim",
        "rev": "d12418fc14894db7536813d27746cdebcc972660",
        "type": "github"
      },
      "original": {
        "owner": "kokusenz",
        "repo": "deltaview.nvim",
        "type": "github"
      }
    },
    "plugins-hbac": {
      "flake": false,
      "locked": {
        "lastModified": 1777904174,
        "narHash": "sha256-8hqEtfrGK0Od04JgzRegPnGCyQMgpnR0b6xQ3pa4vs0=",
        "owner": "axkirillov",
        "repo": "hbac.nvim",
        "rev": "600896c302fb9232559b93200ed2caab8bd8e28e",
        "type": "github"
      },
      "original": {
        "owner": "axkirillov",
        "repo": "hbac.nvim",
        "type": "github"
      }
    },
    "plugins-kikao": {
      "flake": false,
      "locked": {
        "lastModified": 1767530141,
        "narHash": "sha256-B5DweCJtGPkxxg6pf0ixlDLmVcrtZYeCNQTiYMTtMO0=",
        "owner": "mistweaverco",
        "repo": "kikao.nvim",
        "rev": "e875bc1f87d8dae40948feb6746d6fa86d1f6a70",
        "type": "github"
      },
      "original": {
        "owner": "mistweaverco",
        "repo": "kikao.nvim",
        "type": "github"
      }
    },
    "plugins-neural-open": {
      "flake": false,
      "locked": {
        "lastModified": 1776841098,
        "narHash": "sha256-JodJTZRM/BGcPIYhPQa0XJWzkkJ1+72D7RiUKbnkmN0=",
        "owner": "dtormoen",
        "repo": "neural-open.nvim",
        "rev": "83af87f096104ea3ddd66d9c4b798a90d3ee4f2b",
        "type": "github"
      },
      "original": {
        "owner": "dtormoen",
        "repo": "neural-open.nvim",
        "type": "github"
      }
    },
    "plugins-tiny-inline-diagnostic": {
      "flake": false,
      "locked": {
        "lastModified": 1780097212,
        "narHash": "sha256-zTUJuMPkUxesm8LBu4IQtDlpdzJiprbVA4mfjoIWd2I=",
        "owner": "rachartier",
        "repo": "tiny-inline-diagnostic.nvim",
        "rev": "680762989e8b05a72e90769959d0fb9a557e6917",
        "type": "github"
      },
      "original": {
        "owner": "rachartier",
        "repo": "tiny-inline-diagnostic.nvim",
        "type": "github"
      }
    },
    "plugins-triforce": {
      "flake": false,
      "locked": {
        "lastModified": 1779524568,
        "narHash": "sha256-lOuPZLLA9Do9qe7MgI9nKFFS5vk7Za0wCXSYc46qH6c=",
        "owner": "gisketch",
        "repo": "triforce.nvim",
        "rev": "ed70429cc1b88985af5422c01d0b8a053f1d3c5e",
        "type": "github"
      },
      "original": {
        "owner": "gisketch",
        "repo": "triforce.nvim",
        "type": "github"
      }
    },
    "root": {
      "inputs": {
        "bacon": "bacon",
        "bacon-ls": "bacon-ls",
        "fenix": "fenix_2",
        "neovim-nightly-overlay": "neovim-nightly-overlay",
        "nixCats": "nixCats",
        "nixpkgs": "nixpkgs_4",
        "nixpkgs-master": "nixpkgs-master",
        "nu-lint": "nu-lint",
        "plugins-bafa": "plugins-bafa",
        "plugins-blink-cmp-copilot": "plugins-blink-cmp-copilot",
        "plugins-delta-lua": "plugins-delta-lua",
        "plugins-deltaview": "plugins-deltaview",
        "plugins-hbac": "plugins-hbac",
        "plugins-kikao": "plugins-kikao",
        "plugins-neural-open": "plugins-neural-open",
        "plugins-tiny-inline-diagnostic": "plugins-tiny-inline-diagnostic",
        "plugins-triforce": "plugins-triforce",
        "statix": "statix"
      }
    },
    "rust-analyzer-src": {
      "flake": false,
      "locked": {
        "lastModified": 1752428706,
        "narHash": "sha256-EJcdxw3aXfP8Ex1Nm3s0awyH9egQvB2Gu+QEnJn2Sfg=",
        "owner": "rust-lang",
        "repo": "rust-analyzer",
        "rev": "591e3b7624be97e4443ea7b5542c191311aa141d",
        "type": "github"
      },
      "original": {
        "owner": "rust-lang",
        "ref": "nightly",
        "repo": "rust-analyzer",
        "type": "github"
      }
    },
    "rust-analyzer-src_2": {
      "flake": false,
      "locked": {
        "lastModified": 1780758424,
        "narHash": "sha256-OcXGwiq5ibERT8S9rx5V1bgleguAfwzSQzMePpf8yIE=",
        "owner": "rust-lang",
        "repo": "rust-analyzer",
        "rev": "a9a66c4077fedd375c0f1e61dc39a8f3243ce0ef",
        "type": "github"
      },
      "original": {
        "owner": "rust-lang",
        "ref": "nightly",
        "repo": "rust-analyzer",
        "type": "github"
      }
    },
    "rust-overlay": {
      "inputs": {
        "nixpkgs": [
          "nu-lint",
          "nixpkgs"
        ]
      },
      "locked": {
        "lastModified": 1768359079,
        "narHash": "sha256-a016mOfKconYrYo3fZLN6c2cnmqYYd44g2bUrBZAsQc=",
        "owner": "oxalica",
        "repo": "rust-overlay",
        "rev": "0357d1826057686637e41147545402cbbda420ce",
        "type": "github"
      },
      "original": {
        "owner": "oxalica",
        "repo": "rust-overlay",
        "type": "github"
      }
    },
    "statix": {
      "inputs": {
        "files": "files",
        "flake-parts": "flake-parts_2",
        "git-hooks": "git-hooks_2",
        "make-shell": "make-shell",
        "nixpkgs": [
          "nixpkgs"
        ],
        "treefmt": "treefmt"
      },
      "locked": {
        "lastModified": 1780582570,
        "narHash": "sha256-Hy3EY8kzcTahvmJng6i7xBt3Z5CEJ5h5/GN82dmn9uM=",
        "owner": "molybdenumsoftware",
        "repo": "statix",
        "rev": "cd7bbc3f8285806ee0625f4694fc6de547c1b35b",
        "type": "github"
      },
      "original": {
        "owner": "molybdenumsoftware",
        "repo": "statix",
        "type": "github"
      }
    },
    "systems": {
      "locked": {
        "lastModified": 1681028828,
        "narHash": "sha256-Vy1rq5AaRuLzOxct8nz4T6wlgyUR7zLU309k9mBC768=",
        "owner": "nix-systems",
        "repo": "default",
        "rev": "da67096a3b9bf56a91d16901293e51ba5b49a27e",
        "type": "github"
      },
      "original": {
        "owner": "nix-systems",
        "repo": "default",
        "type": "github"
      }
    },
    "systems_2": {
      "locked": {
        "lastModified": 1681028828,
        "narHash": "sha256-Vy1rq5AaRuLzOxct8nz4T6wlgyUR7zLU309k9mBC768=",
        "owner": "nix-systems",
        "repo": "default",
        "rev": "da67096a3b9bf56a91d16901293e51ba5b49a27e",
        "type": "github"
      },
      "original": {
        "owner": "nix-systems",
        "repo": "default",
        "type": "github"
      }
    },
    "systems_3": {
      "locked": {
        "lastModified": 1681028828,
        "narHash": "sha256-Vy1rq5AaRuLzOxct8nz4T6wlgyUR7zLU309k9mBC768=",
        "owner": "nix-systems",
        "repo": "default",
        "rev": "da67096a3b9bf56a91d16901293e51ba5b49a27e",
        "type": "github"
      },
      "original": {
        "owner": "nix-systems",
        "repo": "default",
        "type": "github"
      }
    },
    "treefmt": {
      "flake": false,
      "locked": {
        "lastModified": 1780220602,
        "narHash": "sha256-eynAfOmbmxJnkp7YewvCEbShNnnYJ9gLLqkzsYtBPeM=",
        "owner": "numtide",
        "repo": "treefmt-nix",
        "rev": "db947814a175b7ca6ded66e21383d938df01c227",
        "type": "github"
      },
      "original": {
        "owner": "numtide",
        "repo": "treefmt-nix",
        "type": "github"
      }
    }
  },
  "root": "root",
  "version": 7
}
